
Microsoft Visual Studio Solution File, Format Version 12.00
# Visual Studio Version 16
VisualStudioVersion = 16.0.31515.178
MinimumVisualStudioVersion = 10.0.40219.1
Project("{FAE04EC0-301F-11D3-BF4B-00C04F79EFBC}") = "GestionEmpleados", "GestionEmpleados\GestionEmpleados.csproj", "{413F43C3-9169-4454-A6CE-C9D1C5418A35}"
EndProject
Global
	GlobalSection(SolutionConfigurationPlatforms) = preSolution
		Debug|Any CPU = Debug|Any CPU
		Release|Any CPU = Release|Any CPU
	EndGlobalSection
	GlobalSection(ProjectConfigurationPlatforms) = postSolution
		{413F43C3-9169-4454-A6CE-C9D1C5418A35}.Debug|Any CPU.ActiveCfg = Debug|Any CPU
		{413F43C3-9169-4454-A6CE-C9D1C5418A35}.Debug|Any CPU.Build.0 = Debug|Any CPU
		{413F43C3-9169-4454-A6CE-C9D1C5418A35}.Release|Any CPU.ActiveCfg = Release|Any CPU
		{413F43C3-9169-4454-A6CE-C9D1C5418A35}.Release|Any CPU.Build.0 = Release|Any CPU
	EndGlobalSection
	GlobalSection(SolutionProperties) = preSolution
		HideSolutionNode = FALSE
	EndGlobalSection
	GlobalSection(ExtensibilityGlobals) = postSolution
		SolutionGuid = {1F37E5AC-88C9-44A5-8C19-90FCEE98B313}
	EndGlobalSection
EndGlobal
